// !$*UTF8*$!
{
	archiveVersion = 1;
	classes = {
	};
	objectVersion = 56;
	objects = {

/* Begin PBXBuildFile section */
		CE4FC7092C6CA2DF001D624A /* mock.swift in Sources */ = {isa = PBXBuildFile; fileRef = CE4FC7082C6CA2DF001D624A /* mock.swift */; };
		CEA5BF9E2C50EA5C00376E62 /* TodoApp.swift in Sources */ = {isa = PBXBuildFile; fileRef = CEA5BF9D2C50EA5C00376E62 /* TodoApp.swift */; };
		CEA5BFA02C50EA5C00376E62 /* ContentView.swift in Sources */ = {isa = PBXBuildFile; fileRef = CEA5BF9F2C50EA5C00376E62 /* ContentView.swift */; };
		CEA5BFA22C50EA5F00376E62 /* Assets.xcassets in Resources */ = {isa = PBXBuildFile; fileRef = CEA5BFA12C50EA5F00376E62 /* Assets.xcassets */; };
		CEA5BFA52C50EA5F00376E62 /* Preview Assets.xcassets in Resources */ = {isa = PBXBuildFile; fileRef = CEA5BFA42C50EA5F00376E62 /* Preview Assets.xcassets */; };
		CEA5BFAF2C50EA5F00376E62 /* TodoTests.swift in Sources */ = {isa = PBXBuildFile; fileRef = CEA5BFAE2C50EA5F00376E62 /* TodoTests.swift */; };
		CEA5BFB92C50EA5F00376E62 /* TodoUITests.swift in Sources */ = {isa = PBXBuildFile; fileRef = CEA5BFB82C50EA5F00376E62 /* TodoUITests.swift */; };
		CEA5BFBB2C50EA5F00376E62 /* TodoUITestsLaunchTests.swift in Sources */ = {isa = PBXBuildFile; fileRef = CEA5BFBA2C50EA5F00376E62 /* TodoUITestsLaunchTests.swift */; };
		CEA5BFCB2C50EAD600376E62 /* AddView.swift in Sources */ = {isa = PBXBuildFile; fileRef = CEA5BFC82C50EAD600376E62 /* AddView.swift */; };
		CEA5BFCC2C50EAD600376E62 /* data.swift in Sources */ = {isa = PBXBuildFile; fileRef = CEA5BFCA2C50EAD600376E62 /* data.swift */; };
		CEAC952A2C69F01400EB7680 /* LoginModels.swift in Sources */ = {isa = PBXBuildFile; fileRef = CEAC95292C69F01400EB7680 /* LoginModels.swift */; };
		CEAC952C2C69F36A00EB7680 /* LoginViewModels.swift in Sources */ = {isa = PBXBuildFile; fileRef = CEAC952B2C69F36A00EB7680 /* LoginViewModels.swift */; };
		CEAC95302C69F47000EB7680 /* AuthServices.swift in Sources */ = {isa = PBXBuildFile; fileRef = CEAC952F2C69F47000EB7680 /* AuthServices.swift */; };
		CEAC95322C69FE3400EB7680 /* LoginViews.swift in Sources */ = {isa = PBXBuildFile; fileRef = CEAC95312C69FE3400EB7680 /* LoginViews.swift */; };
		CEAC95352C6A021900EB7680 /* ToastView.swift in Sources */ = {isa = PBXBuildFile; fileRef = CEAC95342C6A021900EB7680 /* ToastView.swift */; };
/* End PBXBuildFile section */

/* Begin PBXContainerItemProxy section */
		CEA5BFAB2C50EA5F00376E62 /* PBXContainerItemProxy */ = {
			isa = PBXContainerItemProxy;
			containerPortal = CEA5BF922C50EA5C00376E62 /* Project object */;
			proxyType = 1;
			remoteGlobalIDString = CEA5BF992C50EA5C00376E62;
			remoteInfo = Todo;
		};
		CEA5BFB52C50EA5F00376E62 /* PBXContainerItemProxy */ = {
			isa = PBXContainerItemProxy;
			containerPortal = CEA5BF922C50EA5C00376E62 /* Project object */;
			proxyType = 1;
			remoteGlobalIDString = CEA5BF992C50EA5C00376E62;
			remoteInfo = Todo;
		};
/* End PBXContainerItemProxy section */

/* Begin PBXFileReference section */
		CE4FC7082C6CA2DF001D624A /* mock.swift */ = {isa = PBXFileReference; lastKnownFileType = sourcecode.swift; path = mock.swift; sourceTree = "<group>"; };
		CEA5BF9A2C50EA5C00376E62 /* Todo.app */ = {isa = PBXFileReference; explicitFileType = wrapper.application; includeInIndex = 0; path = Todo.app; sourceTree = BUILT_PRODUCTS_DIR; };
		CEA5BF9D2C50EA5C00376E62 /* TodoApp.swift */ = {isa = PBXFileReference; lastKnownFileType = sourcecode.swift; path = TodoApp.swift; sourceTree = "<group>"; };
		CEA5BF9F2C50EA5C00376E62 /* ContentView.swift */ = {isa = PBXFileReference; lastKnownFileType = sourcecode.swift; path = ContentView.swift; sourceTree = "<group>"; };
		CEA5BFA12C50EA5F00376E62 /* Assets.xcassets */ = {isa = PBXFileReference; lastKnownFileType = folder.assetcatalog; path = Assets.xcassets; sourceTree = "<group>"; };
		CEA5BFA42C50EA5F00376E62 /* Preview Assets.xcassets */ = {isa = PBXFileReference; lastKnownFileType = folder.assetcatalog; path = "Preview Assets.xcassets"; sourceTree = "<group>"; };
		CEA5BFAA2C50EA5F00376E62 /* TodoTests.xctest */ = {isa = PBXFileReference; explicitFileType = wrapper.cfbundle; includeInIndex = 0; path = TodoTests.xctest; sourceTree = BUILT_PRODUCTS_DIR; };
		CEA5BFAE2C50EA5F00376E62 /* TodoTests.swift */ = {isa = PBXFileReference; lastKnownFileType = sourcecode.swift; path = TodoTests.swift; sourceTree = "<group>"; };
		CEA5BFB42C50EA5F00376E62 /* TodoUITests.xctest */ = {isa = PBXFileReference; explicitFileType = wrapper.cfbundle; includeInIndex = 0; path = TodoUITests.xctest; sourceTree = BUILT_PRODUCTS_DIR; };
		CEA5BFB82C50EA5F00376E62 /* TodoUITests.swift */ = {isa = PBXFileReference; lastKnownFileType = sourcecode.swift; path = TodoUITests.swift; sourceTree = "<group>"; };
		CEA5BFBA2C50EA5F00376E62 /* TodoUITestsLaunchTests.swift */ = {isa = PBXFileReference; lastKnownFileType = sourcecode.swift; path = TodoUITestsLaunchTests.swift; sourceTree = "<group>"; };
		CEA5BFC82C50EAD600376E62 /* AddView.swift */ = {isa = PBXFileReference; fileEncoding = 4; lastKnownFileType = sourcecode.swift; path = AddView.swift; sourceTree = "<group>"; };
		CEA5BFCA2C50EAD600376E62 /* data.swift */ = {isa = PBXFileReference; fileEncoding = 4; lastKnownFileType = sourcecode.swift; path = data.swift; sourceTree = "<group>"; };
		CEAC95292C69F01400EB7680 /* LoginModels.swift */ = {isa = PBXFileReference; lastKnownFileType = sourcecode.swift; path = LoginModels.swift; sourceTree = "<group>"; };
		CEAC952B2C69F36A00EB7680 /* LoginViewModels.swift */ = {isa = PBXFileReference; lastKnownFileType = sourcecode.swift; path = LoginViewModels.swift; sourceTree = "<group>"; };
		CEAC952F2C69F47000EB7680 /* AuthServices.swift */ = {isa = PBXFileReference; lastKnownFileType = sourcecode.swift; path = AuthServices.swift; sourceTree = "<group>"; };
		CEAC95312C69FE3400EB7680 /* LoginViews.swift */ = {isa = PBXFileReference; lastKnownFileType = sourcecode.swift; path = LoginViews.swift; sourceTree = "<group>"; };
		CEAC95342C6A021900EB7680 /* ToastView.swift */ = {isa = PBXFileReference; lastKnownFileType = sourcecode.swift; path = ToastView.swift; sourceTree = "<group>"; };
/* End PBXFileReference section */

/* Begin PBXFrameworksBuildPhase section */
		CEA5BF972C50EA5C00376E62 /* Frameworks */ = {
			isa = PBXFrameworksBuildPhase;
			buildActionMask = 2147483647;
			files = (
			);
			runOnlyForDeploymentPostprocessing = 0;
		};
		CEA5BFA72C50EA5F00376E62 /* Frameworks */ = {
			isa = PBXFrameworksBuildPhase;
			buildActionMask = 2147483647;
			files = (
			);
			runOnlyForDeploymentPostprocessing = 0;
		};
		CEA5BFB12C50EA5F00376E62 /* Frameworks */ = {
			isa = PBXFrameworksBuildPhase;
			buildActionMask = 2147483647;
			files = (
			);
			runOnlyForDeploymentPostprocessing = 0;
		};
/* End PBXFrameworksBuildPhase section */

/* Begin PBXGroup section */
		CEA5BF912C50EA5C00376E62 = {
			isa = PBXGroup;
			children = (
				CEA5BF9C2C50EA5C00376E62 /* Todo */,
				CEA5BFAD2C50EA5F00376E62 /* TodoTests */,
				CEA5BFB72C50EA5F00376E62 /* TodoUITests */,
				CEA5BF9B2C50EA5C00376E62 /* Products */,
			);
			sourceTree = "<group>";
		};
		CEA5BF9B2C50EA5C00376E62 /* Products */ = {
			isa = PBXGroup;
			children = (
				CEA5BF9A2C50EA5C00376E62 /* Todo.app */,
				CEA5BFAA2C50EA5F00376E62 /* TodoTests.xctest */,
				CEA5BFB42C50EA5F00376E62 /* TodoUITests.xctest */,
			);
			name = Products;
			sourceTree = "<group>";
		};
		CEA5BF9C2C50EA5C00376E62 /* Todo */ = {
			isa = PBXGroup;
			children = (
				CEAC95332C6A020100EB7680 /* Components */,
				CEAC952D2C69F44D00EB7680 /* Services */,
				CEAC95262C69EFCE00EB7680 /* Features */,
				CEA5BFC92C50EAD600376E62 /* models */,
				CEA5BFC72C50EAD600376E62 /* views */,
				CEA5BF9D2C50EA5C00376E62 /* TodoApp.swift */,
				CEA5BF9F2C50EA5C00376E62 /* ContentView.swift */,
				CEA5BFA12C50EA5F00376E62 /* Assets.xcassets */,
				CEA5BFA32C50EA5F00376E62 /* Preview Content */,
			);
			path = Todo;
			sourceTree = "<group>";
		};
		CEA5BFA32C50EA5F00376E62 /* Preview Content */ = {
			isa = PBXGroup;
			children = (
				CEA5BFA42C50EA5F00376E62 /* Preview Assets.xcassets */,
			);
			path = "Preview Content";
			sourceTree = "<group>";
		};
		CEA5BFAD2C50EA5F00376E62 /* TodoTests */ = {
			isa = PBXGroup;
			children = (
				CEA5BFAE2C50EA5F00376E62 /* TodoTests.swift */,
			);
			path = TodoTests;
			sourceTree = "<group>";
		};
		CEA5BFB72C50EA5F00376E62 /* TodoUITests */ = {
			isa = PBXGroup;
			children = (
				CEA5BFB82C50EA5F00376E62 /* TodoUITests.swift */,
				CEA5BFBA2C50EA5F00376E62 /* TodoUITestsLaunchTests.swift */,
			);
			path = TodoUITests;
			sourceTree = "<group>";
		};
		CEA5BFC72C50EAD600376E62 /* views */ = {
			isa = PBXGroup;
			children = (
				CEA5BFC82C50EAD600376E62 /* AddView.swift */,
			);
			path = views;
			sourceTree = "<group>";
		};
		CEA5BFC92C50EAD600376E62 /* models */ = {
			isa = PBXGroup;
			children = (
				CEA5BFCA2C50EAD600376E62 /* data.swift */,
			);
			path = models;
			sourceTree = "<group>";
		};
		CEAC95242C69EF6F00EB7680 /* Login */ = {
			isa = PBXGroup;
			children = (
				CEAC95282C69EFE300EB7680 /* Models */,
				CEAC95272C69EFDA00EB7680 /* ViewModels */,
				CEAC95252C69EF7900EB7680 /* Views */,
			);
			path = Login;
			sourceTree = "<group>";
		};
		CEAC95252C69EF7900EB7680 /* Views */ = {
			isa = PBXGroup;
			children = (
				CEAC95312C69FE3400EB7680 /* LoginViews.swift */,
			);
			path = Views;
			sourceTree = "<group>";
		};
		CEAC95262C69EFCE00EB7680 /* Features */ = {
			isa = PBXGroup;
			children = (
				CEAC95242C69EF6F00EB7680 /* Login */,
				CE4FC7082C6CA2DF001D624A /* mock.swift */,
			);
			path = Features;
			sourceTree = "<group>";
		};
		CEAC95272C69EFDA00EB7680 /* ViewModels */ = {
			isa = PBXGroup;
			children = (
				CEAC952B2C69F36A00EB7680 /* LoginViewModels.swift */,
			);
			path = ViewModels;
			sourceTree = "<group>";
		};
		CEAC95282C69EFE300EB7680 /* Models */ = {
			isa = PBXGroup;
			children = (
				CEAC95292C69F01400EB7680 /* LoginModels.swift */,
			);
			path = Models;
			sourceTree = "<group>";
		};
		CEAC952D2C69F44D00EB7680 /* Services */ = {
			isa = PBXGroup;
			children = (
				CEAC952E2C69F45D00EB7680 /* AuthServices */,
			);
			path = Services;
			sourceTree = "<group>";
		};
		CEAC952E2C69F45D00EB7680 /* AuthServices */ = {
			isa = PBXGroup;
			children = (
				CEAC952F2C69F47000EB7680 /* AuthServices.swift */,
			);
			path = AuthServices;
			sourceTree = "<group>";
		};
		CEAC95332C6A020100EB7680 /* Components */ = {
			isa = PBXGroup;
			children = (
				CEAC95342C6A021900EB7680 /* ToastView.swift */,
			);
			path = Components;
			sourceTree = "<group>";
		};
/* End PBXGroup section */

/* Begin PBXNativeTarget section */
		CEA5BF992C50EA5C00376E62 /* Todo */ = {
			isa = PBXNativeTarget;
			buildConfigurationList = CEA5BFBE2C50EA5F00376E62 /* Build configuration list for PBXNativeTarget "Todo" */;
			buildPhases = (
				CEA5BF962C50EA5C00376E62 /* Sources */,
				CEA5BF972C50EA5C00376E62 /* Frameworks */,
				CEA5BF982C50EA5C00376E62 /* Resources */,
			);
			buildRules = (
			);
			dependencies = (
			);
			name = Todo;
			productName = Todo;
			productReference = CEA5BF9A2C50EA5C00376E62 /* Todo.app */;
			productType = "com.apple.product-type.application";
		};
		CEA5BFA92C50EA5F00376E62 /* TodoTests */ = {
			isa = PBXNativeTarget;
			buildConfigurationList = CEA5BFC12C50EA5F00376E62 /* Build configuration list for PBXNativeTarget "TodoTests" */;
			buildPhases = (
				CEA5BFA62C50EA5F00376E62 /* Sources */,
				CEA5BFA72C50EA5F00376E62 /* Frameworks */,
				CEA5BFA82C50EA5F00376E62 /* Resources */,
			);
			buildRules = (
			);
			dependencies = (
				CEA5BFAC2C50EA5F00376E62 /* PBXTargetDependency */,
			);
			name = TodoTests;
			productName = TodoTests;
			productReference = CEA5BFAA2C50EA5F00376E62 /* TodoTests.xctest */;
			productType = "com.apple.product-type.bundle.unit-test";
		};
		CEA5BFB32C50EA5F00376E62 /* TodoUITests */ = {
			isa = PBXNativeTarget;
			buildConfigurationList = CEA5BFC42C50EA5F00376E62 /* Build configuration list for PBXNativeTarget "TodoUITests" */;
			buildPhases = (
				CEA5BFB02C50EA5F00376E62 /* Sources */,
				CEA5BFB12C50EA5F00376E62 /* Frameworks */,
				CEA5BFB22C50EA5F00376E62 /* Resources */,
			);
			buildRules = (
			);
			dependencies = (
				CEA5BFB62C50EA5F00376E62 /* PBXTargetDependency */,
			);
			name = TodoUITests;
			productName = TodoUITests;
			productReference = CEA5BFB42C50EA5F00376E62 /* TodoUITests.xctest */;
			productType = "com.apple.product-type.bundle.ui-testing";
		};
/* End PBXNativeTarget section */

/* Begin PBXProject section */
		CEA5BF922C50EA5C00376E62 /* Project object */ = {
			isa = PBXProject;
			attributes = {
				BuildIndependentTargetsInParallel = 1;
				LastSwiftUpdateCheck = 1500;
				LastUpgradeCheck = 1500;
				TargetAttributes = {
					CEA5BF992C50EA5C00376E62 = {
						CreatedOnToolsVersion = 15.0.1;
					};
					CEA5BFA92C50EA5F00376E62 = {
						CreatedOnToolsVersion = 15.0.1;
						TestTargetID = CEA5BF992C50EA5C00376E62;
					};
					CEA5BFB32C50EA5F00376E62 = {
						CreatedOnToolsVersion = 15.0.1;
						TestTargetID = CEA5BF992C50EA5C00376E62;
					};
				};
			};
			buildConfigurationList = CEA5BF952C50EA5C00376E62 /* Build configuration list for PBXProject "Todo" */;
			compatibilityVersion = "Xcode 14.0";
			developmentRegion = en;
			hasScannedForEncodings = 0;
			knownRegions = (
				en,
				Base,
			);
			mainGroup = CEA5BF912C50EA5C00376E62;
			productRefGroup = CEA5BF9B2C50EA5C00376E62 /* Products */;
			projectDirPath = "";
			projectRoot = "";
			targets = (
				CEA5BF992C50EA5C00376E62 /* Todo */,
				CEA5BFA92C50EA5F00376E62 /* TodoTests */,
				CEA5BFB32C50EA5F00376E62 /* TodoUITests */,
			);
		};
/* End PBXProject section */

/* Begin PBXResourcesBuildPhase section */
		CEA5BF982C50EA5C00376E62 /* Resources */ = {
			isa = PBXResourcesBuildPhase;
			buildActionMask = 2147483647;
			files = (
				CEA5BFA52C50EA5F00376E62 /* Preview Assets.xcassets in Resources */,
				CEA5BFA22C50EA5F00376E62 /* Assets.xcassets in Resources */,
			);
			runOnlyForDeploymentPostprocessing = 0;
		};
		CEA5BFA82C50EA5F00376E62 /* Resources */ = {
			isa = PBXResourcesBuildPhase;
			buildActionMask = 2147483647;
			files = (
			);
			runOnlyForDeploymentPostprocessing = 0;
		};
		CEA5BFB22C50EA5F00376E62 /* Resources */ = {
			isa = PBXResourcesBuildPhase;
			buildActionMask = 2147483647;
			files = (
			);
			runOnlyForDeploymentPostprocessing = 0;
		};
/* End PBXResourcesBuildPhase section */

/* Begin PBXSourcesBuildPhase section */
		CEA5BF962C50EA5C00376E62 /* Sources */ = {
			isa = PBXSourcesBuildPhase;
			buildActionMask = 2147483647;
			files = (
				CEA5BFA02C50EA5C00376E62 /* ContentView.swift in Sources */,
				CEAC952A2C69F01400EB7680 /* LoginModels.swift in Sources */,
				CEAC95322C69FE3400EB7680 /* LoginViews.swift in Sources */,
				CEAC95302C69F47000EB7680 /* AuthServices.swift in Sources */,
				CEA5BF9E2C50EA5C00376E62 /* TodoApp.swift in Sources */,
				CEA5BFCB2C50EAD600376E62 /* AddView.swift in Sources */,
				CEAC952C2C69F36A00EB7680 /* LoginViewModels.swift in Sources */,
				CE4FC7092C6CA2DF001D624A /* mock.swift in Sources */,
				CEAC95352C6A021900EB7680 /* ToastView.swift in Sources */,
				CEA5BFCC2C50EAD600376E62 /* data.swift in Sources */,
			);
			runOnlyForDeploymentPostprocessing = 0;
		};
		CEA5BFA62C50EA5F00376E62 /* Sources */ = {
			isa = PBXSourcesBuildPhase;
			buildActionMask = 2147483647;
			files = (
				CEA5BFAF2C50EA5F00376E62 /* TodoTests.swift in Sources */,
			);
			runOnlyForDeploymentPostprocessing = 0;
		};
		CEA5BFB02C50EA5F00376E62 /* Sources */ = {
			isa = PBXSourcesBuildPhase;
			buildActionMask = 2147483647;
			files = (
				CEA5BFBB2C50EA5F00376E62 /* TodoUITestsLaunchTests.swift in Sources */,
				CEA5BFB92C50EA5F00376E62 /* TodoUITests.swift in Sources */,
			);
			runOnlyForDeploymentPostprocessing = 0;
		};
/* End PBXSourcesBuildPhase section */

/* Begin PBXTargetDependency section */
		CEA5BFAC2C50EA5F00376E62 /* PBXTargetDependency */ = {
			isa = PBXTargetDependency;
			target = CEA5BF992C50EA5C00376E62 /* Todo */;
			targetProxy = CEA5BFAB2C50EA5F00376E62 /* PBXContainerItemProxy */;
		};
		CEA5BFB62C50EA5F00376E62 /* PBXTargetDependency */ = {
			isa = PBXTargetDependency;
			target = CEA5BF992C50EA5C00376E62 /* Todo */;
			targetProxy = CEA5BFB52C50EA5F00376E62 /* PBXContainerItemProxy */;
		};
/* End PBXTargetDependency section */

/* Begin XCBuildConfiguration section */
		CEA5BFBC2C50EA5F00376E62 /* Debug */ = {
			isa = XCBuildConfiguration;
			buildSettings = {
				ALWAYS_SEARCH_USER_PATHS = NO;
				ASSETCATALOG_COMPILER_GENERATE_SWIFT_ASSET_SYMBOL_EXTENSIONS = YES;
				CLANG_ANALYZER_NONNULL = YES;
				CLANG_ANALYZER_NUMBER_OBJECT_CONVERSION = YES_AGGRESSIVE;
				CLANG_CXX_LANGUAGE_STANDARD = "gnu++20";
				CLANG_ENABLE_MODULES = YES;
				CLANG_ENABLE_OBJC_ARC = YES;
				CLANG_ENABLE_OBJC_WEAK = YES;
				CLANG_WARN_BLOCK_CAPTURE_AUTORELEASING = YES;
				CLANG_WARN_BOOL_CONVERSION = YES;
				CLANG_WARN_COMMA = YES;
				CLANG_WARN_CONSTANT_CONVERSION = YES;
				CLANG_WARN_DEPRECATED_OBJC_IMPLEMENTATIONS = YES;
				CLANG_WARN_DIRECT_OBJC_ISA_USAGE = YES_ERROR;
				CLANG_WARN_DOCUMENTATION_COMMENTS = YES;
				CLANG_WARN_EMPTY_BODY = YES;
				CLANG_WARN_ENUM_CONVERSION = YES;
				CLANG_WARN_INFINITE_RECURSION = YES;
				CLANG_WARN_INT_CONVERSION = YES;
				CLANG_WARN_NON_LITERAL_NULL_CONVERSION = YES;
				CLANG_WARN_OBJC_IMPLICIT_RETAIN_SELF = YES;
				CLANG_WARN_OBJC_LITERAL_CONVERSION = YES;
				CLANG_WARN_OBJC_ROOT_CLASS = YES_ERROR;
				CLANG_WARN_QUOTED_INCLUDE_IN_FRAMEWORK_HEADER = YES;
				CLANG_WARN_RANGE_LOOP_ANALYSIS = YES;
				CLANG_WARN_STRICT_PROTOTYPES = YES;
				CLANG_WARN_SUSPICIOUS_MOVE = YES;
				CLANG_WARN_UNGUARDED_AVAILABILITY = YES_AGGRESSIVE;
				CLANG_WARN_UNREACHABLE_CODE = YES;
				CLANG_WARN__DUPLICATE_METHOD_MATCH = YES;
				COPY_PHASE_STRIP = NO;
				DEBUG_INFORMATION_FORMAT = dwarf;
				ENABLE_STRICT_OBJC_MSGSEND = YES;
				ENABLE_TESTABILITY = YES;
				ENABLE_USER_SCRIPT_SANDBOXING = YES;
				GCC_C_LANGUAGE_STANDARD = gnu17;
				GCC_DYNAMIC_NO_PIC = NO;
				GCC_NO_COMMON_BLOCKS = YES;
				GCC_OPTIMIZATION_LEVEL = 0;
				GCC_PREPROCESSOR_DEFINITIONS = (
					"DEBUG=1",
					"$(inherited)",
				);
				GCC_WARN_64_TO_32_BIT_CONVERSION = YES;
				GCC_WARN_ABOUT_RETURN_TYPE = YES_ERROR;
				GCC_WARN_UNDECLARED_SELECTOR = YES;
				GCC_WARN_UNINITIALIZED_AUTOS = YES_AGGRESSIVE;
				GCC_WARN_UNUSED_FUNCTION = YES;
				GCC_WARN_UNUSED_VARIABLE = YES;
				IPHONEOS_DEPLOYMENT_TARGET = 17.0;
				LOCALIZATION_PREFERS_STRING_CATALOGS = YES;
				MTL_ENABLE_DEBUG_INFO = INCLUDE_SOURCE;
				MTL_FAST_MATH = YES;
				ONLY_ACTIVE_ARCH = YES;
				SDKROOT = iphoneos;
				SWIFT_ACTIVE_COMPILATION_CONDITIONS = "DEBUG $(inherited)";
				SWIFT_OPTIMIZATION_LEVEL = "-Onone";
			};
			name = Debug;
		};
		CEA5BFBD2C50EA5F00376E62 /* Release */ = {
			isa = XCBuildConfiguration;
			buildSettings = {
				ALWAYS_SEARCH_USER_PATHS = NO;
				ASSETCATALOG_COMPILER_GENERATE_SWIFT_ASSET_SYMBOL_EXTENSIONS = YES;
				CLANG_ANALYZER_NONNULL = YES;
				CLANG_ANALYZER_NUMBER_OBJECT_CONVERSION = YES_AGGRESSIVE;
				CLANG_CXX_LANGUAGE_STANDARD = "gnu++20";
				CLANG_ENABLE_MODULES = YES;
				CLANG_ENABLE_OBJC_ARC = YES;
				CLANG_ENABLE_OBJC_WEAK = YES;
				CLANG_WARN_BLOCK_CAPTURE_AUTORELEASING = YES;
				CLANG_WARN_BOOL_CONVERSION = YES;
				CLANG_WARN_COMMA = YES;
				CLANG_WARN_CONSTANT_CONVERSION = YES;
				CLANG_WARN_DEPRECATED_OBJC_IMPLEMENTATIONS = YES;
				CLANG_WARN_DIRECT_OBJC_ISA_USAGE = YES_ERROR;
				CLANG_WARN_DOCUMENTATION_COMMENTS = YES;
				CLANG_WARN_EMPTY_BODY = YES;
				CLANG_WARN_ENUM_CONVERSION = YES;
				CLANG_WARN_INFINITE_RECURSION = YES;
				CLANG_WARN_INT_CONVERSION = YES;
				CLANG_WARN_NON_LITERAL_NULL_CONVERSION = YES;
				CLANG_WARN_OBJC_IMPLICIT_RETAIN_SELF = YES;
				CLANG_WARN_OBJC_LITERAL_CONVERSION = YES;
				CLANG_WARN_OBJC_ROOT_CLASS = YES_ERROR;
				CLANG_WARN_QUOTED_INCLUDE_IN_FRAMEWORK_HEADER = YES;
				CLANG_WARN_RANGE_LOOP_ANALYSIS = YES;
				CLANG_WARN_STRICT_PROTOTYPES = YES;
				CLANG_WARN_SUSPICIOUS_MOVE = YES;
				CLANG_WARN_UNGUARDED_AVAILABILITY = YES_AGGRESSIVE;
				CLANG_WARN_UNREACHABLE_CODE = YES;
				CLANG_WARN__DUPLICATE_METHOD_MATCH = YES;
				COPY_PHASE_STRIP = NO;
				DEBUG_INFORMATION_FORMAT = "dwarf-with-dsym";
				ENABLE_NS_ASSERTIONS = NO;
				ENABLE_STRICT_OBJC_MSGSEND = YES;
				ENABLE_USER_SCRIPT_SANDBOXING = YES;
				GCC_C_LANGUAGE_STANDARD = gnu17;
				GCC_NO_COMMON_BLOCKS = YES;
				GCC_WARN_64_TO_32_BIT_CONVERSION = YES;
				GCC_WARN_ABOUT_RETURN_TYPE = YES_ERROR;
				GCC_WARN_UNDECLARED_SELECTOR = YES;
				GCC_WARN_UNINITIALIZED_AUTOS = YES_AGGRESSIVE;
				GCC_WARN_UNUSED_FUNCTION = YES;
				GCC_WARN_UNUSED_VARIABLE = YES;
				IPHONEOS_DEPLOYMENT_TARGET = 17.0;
				LOCALIZATION_PREFERS_STRING_CATALOGS = YES;
				MTL_ENABLE_DEBUG_INFO = NO;
				MTL_FAST_MATH = YES;
				SDKROOT = iphoneos;
				SWIFT_COMPILATION_MODE = wholemodule;
				VALIDATE_PRODUCT = YES;
			};
			name = Release;
		};
		CEA5BFBF2C50EA5F00376E62 /* Debug */ = {
			isa = XCBuildConfiguration;
			buildSettings = {
				ASSETCATALOG_COMPILER_APPICON_NAME = AppIcon;
				ASSETCATALOG_COMPILER_GLOBAL_ACCENT_COLOR_NAME = AccentColor;
				CODE_SIGN_STYLE = Automatic;
				CURRENT_PROJECT_VERSION = 1;
				DEVELOPMENT_ASSET_PATHS = "\"Todo/Preview Content\"";
				ENABLE_PREVIEWS = YES;
				GENERATE_INFOPLIST_FILE = YES;
				INFOPLIST_KEY_UIApplicationSceneManifest_Generation = YES;
				INFOPLIST_KEY_UIApplicationSupportsIndirectInputEvents = YES;
				INFOPLIST_KEY_UILaunchScreen_Generation = YES;
				INFOPLIST_KEY_UISupportedInterfaceOrientations_iPad = "UIInterfaceOrientationPortrait UIInterfaceOrientationPortraitUpsideDown UIInterfaceOrientationLandscapeLeft UIInterfaceOrientationLandscapeRight";
				INFOPLIST_KEY_UISupportedInterfaceOrientations_iPhone = "UIInterfaceOrientationPortrait UIInterfaceOrientationLandscapeLeft UIInterfaceOrientationLandscapeRight";
				IPHONEOS_DEPLOYMENT_TARGET = 17.0;
				LD_RUNPATH_SEARCH_PATHS = (
					"$(inherited)",
					"@executable_path/Frameworks",
				);
				MARKETING_VERSION = 1.0;
				PRODUCT_BUNDLE_IDENTIFIER = learn.Todo;
				PRODUCT_NAME = "$(TARGET_NAME)";
				SWIFT_EMIT_LOC_STRINGS = YES;
				SWIFT_VERSION = 5.0;
				TARGETED_DEVICE_FAMILY = "1,2";
			};
			name = Debug;
		};
		CEA5BFC02C50EA5F00376E62 /* Release */ = {
			isa = XCBuildConfiguration;
			buildSettings = {
				ASSETCATALOG_COMPILER_APPICON_NAME = AppIcon;
				ASSETCATALOG_COMPILER_GLOBAL_ACCENT_COLOR_NAME = AccentColor;
				CODE_SIGN_STYLE = Automatic;
				CURRENT_PROJECT_VERSION = 1;
				DEVELOPMENT_ASSET_PATHS = "\"Todo/Preview Content\"";
				ENABLE_PREVIEWS = YES;
				GENERATE_INFOPLIST_FILE = YES;
				INFOPLIST_KEY_UIApplicationSceneManifest_Generation = YES;
				INFOPLIST_KEY_UIApplicationSupportsIndirectInputEvents = YES;
				INFOPLIST_KEY_UILaunchScreen_Generation = YES;
				INFOPLIST_KEY_UISupportedInterfaceOrientations_iPad = "UIInterfaceOrientationPortrait UIInterfaceOrientationPortraitUpsideDown UIInterfaceOrientationLandscapeLeft UIInterfaceOrientationLandscapeRight";
				INFOPLIST_KEY_UISupportedInterfaceOrientations_iPhone = "UIInterfaceOrientationPortrait UIInterfaceOrientationLandscapeLeft UIInterfaceOrientationLandscapeRight";
				IPHONEOS_DEPLOYMENT_TARGET = 17.0;
				LD_RUNPATH_SEARCH_PATHS = (
					"$(inherited)",
					"@executable_path/Frameworks",
				);
				MARKETING_VERSION = 1.0;
				PRODUCT_BUNDLE_IDENTIFIER = learn.Todo;
				PRODUCT_NAME = "$(TARGET_NAME)";
				SWIFT_EMIT_LOC_STRINGS = YES;
				SWIFT_VERSION = 5.0;
				TARGETED_DEVICE_FAMILY = "1,2";
			};
			name = Release;
		};
		CEA5BFC22C50EA5F00376E62 /* Debug */ = {
			isa = XCBuildConfiguration;
			buildSettings = {
				ALWAYS_EMBED_SWIFT_STANDARD_LIBRARIES = YES;
				BUNDLE_LOADER = "$(TEST_HOST)";
				CODE_SIGN_STYLE = Automatic;
				CURRENT_PROJECT_VERSION = 1;
				GENERATE_INFOPLIST_FILE = YES;
				IPHONEOS_DEPLOYMENT_TARGET = 17.0;
				MARKETING_VERSION = 1.0;
				PRODUCT_BUNDLE_IDENTIFIER = learn.TodoTests;
				PRODUCT_NAME = "$(TARGET_NAME)";
				SWIFT_EMIT_LOC_STRINGS = NO;
				SWIFT_VERSION = 5.0;
				TARGETED_DEVICE_FAMILY = "1,2";
				TEST_HOST = "$(BUILT_PRODUCTS_DIR)/Todo.app/$(BUNDLE_EXECUTABLE_FOLDER_PATH)/Todo";
			};
			name = Debug;
		};
		CEA5BFC32C50EA5F00376E62 /* Release */ = {
			isa = XCBuildConfiguration;
			buildSettings = {
				ALWAYS_EMBED_SWIFT_STANDARD_LIBRARIES = YES;
				BUNDLE_LOADER = "$(TEST_HOST)";
				CODE_SIGN_STYLE = Automatic;
				CURRENT_PROJECT_VERSION = 1;
				GENERATE_INFOPLIST_FILE = YES;
				IPHONEOS_DEPLOYMENT_TARGET = 17.0;
				MARKETING_VERSION = 1.0;
				PRODUCT_BUNDLE_IDENTIFIER = learn.TodoTests;
				PRODUCT_NAME = "$(TARGET_NAME)";
				SWIFT_EMIT_LOC_STRINGS = NO;
				SWIFT_VERSION = 5.0;
				TARGETED_DEVICE_FAMILY = "1,2";
				TEST_HOST = "$(BUILT_PRODUCTS_DIR)/Todo.app/$(BUNDLE_EXECUTABLE_FOLDER_PATH)/Todo";
			};
			name = Release;
		};
		CEA5BFC52C50EA5F00376E62 /* Debug */ = {
			isa = XCBuildConfiguration;
			buildSettings = {
				ALWAYS_EMBED_SWIFT_STANDARD_LIBRARIES = YES;
				CODE_SIGN_STYLE = Automatic;
				CURRENT_PROJECT_VERSION = 1;
				GENERATE_INFOPLIST_FILE = YES;
				MARKETING_VERSION = 1.0;
				PRODUCT_BUNDLE_IDENTIFIER = learn.TodoUITests;
				PRODUCT_NAME = "$(TARGET_NAME)";
				SWIFT_EMIT_LOC_STRINGS = NO;
				SWIFT_VERSION = 5.0;
				TARGETED_DEVICE_FAMILY = "1,2";
				TEST_TARGET_NAME = Todo;
			};
			name = Debug;
		};
		CEA5BFC62C50EA5F00376E62 /* Release */ = {
			isa = XCBuildConfiguration;
			buildSettings = {
				ALWAYS_EMBED_SWIFT_STANDARD_LIBRARIES = YES;
				CODE_SIGN_STYLE = Automatic;
				CURRENT_PROJECT_VERSION = 1;
				GENERATE_INFOPLIST_FILE = YES;
				MARKETING_VERSION = 1.0;
				PRODUCT_BUNDLE_IDENTIFIER = learn.TodoUITests;
				PRODUCT_NAME = "$(TARGET_NAME)";
				SWIFT_EMIT_LOC_STRINGS = NO;
				SWIFT_VERSION = 5.0;
				TARGETED_DEVICE_FAMILY = "1,2";
				TEST_TARGET_NAME = Todo;
			};
			name = Release;
		};
/* End XCBuildConfiguration section */

/* Begin XCConfigurationList section */
		CEA5BF952C50EA5C00376E62 /* Build configuration list for PBXProject "Todo" */ = {
			isa = XCConfigurationList;
			buildConfigurations = (
				CEA5BFBC2C50EA5F00376E62 /* Debug */,
				CEA5BFBD2C50EA5F00376E62 /* Release */,
			);
			defaultConfigurationIsVisible = 0;
			defaultConfigurationName = Release;
		};
		CEA5BFBE2C50EA5F00376E62 /* Build configuration list for PBXNativeTarget "Todo" */ = {
			isa = XCConfigurationList;
			buildConfigurations = (
				CEA5BFBF2C50EA5F00376E62 /* Debug */,
				CEA5BFC02C50EA5F00376E62 /* Release */,
			);
			defaultConfigurationIsVisible = 0;
			defaultConfigurationName = Release;
		};
		CEA5BFC12C50EA5F00376E62 /* Build configuration list for PBXNativeTarget "TodoTests" */ = {
			isa = XCConfigurationList;
			buildConfigurations = (
				CEA5BFC22C50EA5F00376E62 /* Debug */,
				CEA5BFC32C50EA5F00376E62 /* Release */,
			);
			defaultConfigurationIsVisible = 0;
			defaultConfigurationName = Release;
		};
		CEA5BFC42C50EA5F00376E62 /* Build configuration list for PBXNativeTarget "TodoUITests" */ = {
			isa = XCConfigurationList;
			buildConfigurations = (
				CEA5BFC52C50EA5F00376E62 /* Debug */,
				CEA5BFC62C50EA5F00376E62 /* Release */,
			);
			defaultConfigurationIsVisible = 0;
			defaultConfigurationName = Release;
		};
/* End XCConfigurationList section */
	};
	rootObject = CEA5BF922C50EA5C00376E62 /* Project object */;
}
